
Microsoft Visual Studio Solution File, Format Version 12.00
Project("{FAE04EC0-301F-11D3-BF4B-00C04F79EFBC}") = "motorola", "motorola\motorola.csproj", "{F45DD3A2-1EB3-47AA-99F4-A828B608254B}"
EndProject
Global
	GlobalSection(SolutionConfigurationPlatforms) = preSolution
		Debug|Any CPU = Debug|Any CPU
		Release|Any CPU = Release|Any CPU
	EndGlobalSection
	GlobalSection(ProjectConfigurationPlatforms) = postSolution
		{F45DD3A2-1EB3-47AA-99F4-A828B608254B}.Debug|Any CPU.ActiveCfg = Debug|Any CPU
		{F45DD3A2-1EB3-47AA-99F4-A828B608254B}.Debug|Any CPU.Build.0 = Debug|Any CPU
		{F45DD3A2-1EB3-47AA-99F4-A828B608254B}.Release|Any CPU.ActiveCfg = Release|Any CPU
		{F45DD3A2-1EB3-47AA-99F4-A828B608254B}.Release|Any CPU.Build.0 = Release|Any CPU
	EndGlobalSection
EndGlobal
